// !$*UTF8*$!
{
	archiveVersion = 1;
	classes = {
	};
	objectVersion = 50;
	objects = {

/* Begin PBXBuildFile section */
		B54F9D682346F2D0003ABFC4 /* AppDelegate.swift in Sources */ = {isa = PBXBuildFile; fileRef = B54F9D672346F2D0003ABFC4 /* AppDelegate.swift */; };
		B54F9D6A2346F2D0003ABFC4 /* SceneDelegate.swift in Sources */ = {isa = PBXBuildFile; fileRef = B54F9D692346F2D0003ABFC4 /* SceneDelegate.swift */; };
		B54F9D6C2346F2D0003ABFC4 /* ViewController.swift in Sources */ = {isa = PBXBuildFile; fileRef = B54F9D6B2346F2D0003ABFC4 /* ViewController.swift */; };
		B54F9D6F2346F2D0003ABFC4 /* Main.storyboard in Resources */ = {isa = PBXBuildFile; fileRef = B54F9D6D2346F2D0003ABFC4 /* Main.storyboard */; };
		B54F9D712346F2D2003ABFC4 /* Assets.xcassets in Resources */ = {isa = PBXBuildFile; fileRef = B54F9D702346F2D2003ABFC4 /* Assets.xcassets */; };
		B54F9D742346F2D2003ABFC4 /* LaunchScreen.storyboard in Resources */ = {isa = PBXBuildFile; fileRef = B54F9D722346F2D2003ABFC4 /* LaunchScreen.storyboard */; };
		B54F9D842346F3A6003ABFC4 /* arrow-right-red.png in Resources */ = {isa = PBXBuildFile; fileRef = B54F9D7C2346F3A6003ABFC4 /* arrow-right-red.png */; };
		B54F9D852346F3A6003ABFC4 /* arrow-up-black.png in Resources */ = {isa = PBXBuildFile; fileRef = B54F9D7D2346F3A6003ABFC4 /* arrow-up-black.png */; };
		B54F9D862346F3A6003ABFC4 /* arrow-down-red.png in Resources */ = {isa = PBXBuildFile; fileRef = B54F9D7E2346F3A6003ABFC4 /* arrow-down-red.png */; };
		B54F9D872346F3A6003ABFC4 /* arrow-up-red.png in Resources */ = {isa = PBXBuildFile; fileRef = B54F9D7F2346F3A6003ABFC4 /* arrow-up-red.png */; };
		B54F9D882346F3A6003ABFC4 /* arrow-right-black.png in Resources */ = {isa = PBXBuildFile; fileRef = B54F9D802346F3A6003ABFC4 /* arrow-right-black.png */; };
		B54F9D892346F3A6003ABFC4 /* arrow-down-black.png in Resources */ = {isa = PBXBuildFile; fileRef = B54F9D812346F3A6003ABFC4 /* arrow-down-black.png */; };
		B54F9D8A2346F3A6003ABFC4 /* arrow-left-black.png in Resources */ = {isa = PBXBuildFile; fileRef = B54F9D822346F3A6003ABFC4 /* arrow-left-black.png */; };
		B54F9D8B2346F3A6003ABFC4 /* arrow-left-red.png in Resources */ = {isa = PBXBuildFile; fileRef = B54F9D832346F3A6003ABFC4 /* arrow-left-red.png */; };
		B54F9D90234713C7003ABFC4 /* arrow-right-green.png in Resources */ = {isa = PBXBuildFile; fileRef = B54F9D8C234713C7003ABFC4 /* arrow-right-green.png */; };
		B54F9D91234713C7003ABFC4 /* arrow-left-green.png in Resources */ = {isa = PBXBuildFile; fileRef = B54F9D8D234713C7003ABFC4 /* arrow-left-green.png */; };
		B54F9D92234713C7003ABFC4 /* arrow-up-green.png in Resources */ = {isa = PBXBuildFile; fileRef = B54F9D8E234713C7003ABFC4 /* arrow-up-green.png */; };
		B54F9D93234713C7003ABFC4 /* arrow-down-green.png in Resources */ = {isa = PBXBuildFile; fileRef = B54F9D8F234713C7003ABFC4 /* arrow-down-green.png */; };
/* End PBXBuildFile section */

/* Begin PBXFileReference section */
		B54F9D642346F2D0003ABFC4 /* SwipeGesture.app */ = {isa = PBXFileReference; explicitFileType = wrapper.application; includeInIndex = 0; path = SwipeGesture.app; sourceTree = BUILT_PRODUCTS_DIR; };
		B54F9D672346F2D0003ABFC4 /* AppDelegate.swift */ = {isa = PBXFileReference; lastKnownFileType = sourcecode.swift; path = AppDelegate.swift; sourceTree = "<group>"; };
		B54F9D692346F2D0003ABFC4 /* SceneDelegate.swift */ = {isa = PBXFileReference; lastKnownFileType = sourcecode.swift; path = SceneDelegate.swift; sourceTree = "<group>"; };
		B54F9D6B2346F2D0003ABFC4 /* ViewController.swift */ = {isa = PBXFileReference; lastKnownFileType = sourcecode.swift; path = ViewController.swift; sourceTree = "<group>"; };
		B54F9D6E2346F2D0003ABFC4 /* Base */ = {isa = PBXFileReference; lastKnownFileType = file.storyboard; name = Base; path = Base.lproj/Main.storyboard; sourceTree = "<group>"; };
		B54F9D702346F2D2003ABFC4 /* Assets.xcassets */ = {isa = PBXFileReference; lastKnownFileType = folder.assetcatalog; path = Assets.xcassets; sourceTree = "<group>"; };
		B54F9D732346F2D2003ABFC4 /* Base */ = {isa = PBXFileReference; lastKnownFileType = file.storyboard; name = Base; path = Base.lproj/LaunchScreen.storyboard; sourceTree = "<group>"; };
		B54F9D752346F2D2003ABFC4 /* Info.plist */ = {isa = PBXFileReference; lastKnownFileType = text.plist.xml; path = Info.plist; sourceTree = "<group>"; };
		B54F9D7C2346F3A6003ABFC4 /* arrow-right-red.png */ = {isa = PBXFileReference; lastKnownFileType = image.png; path = "arrow-right-red.png"; sourceTree = "<group>"; };
		B54F9D7D2346F3A6003ABFC4 /* arrow-up-black.png */ = {isa = PBXFileReference; lastKnownFileType = image.png; path = "arrow-up-black.png"; sourceTree = "<group>"; };
		B54F9D7E2346F3A6003ABFC4 /* arrow-down-red.png */ = {isa = PBXFileReference; lastKnownFileType = image.png; path = "arrow-down-red.png"; sourceTree = "<group>"; };
		B54F9D7F2346F3A6003ABFC4 /* arrow-up-red.png */ = {isa = PBXFileReference; lastKnownFileType = image.png; path = "arrow-up-red.png"; sourceTree = "<group>"; };
		B54F9D802346F3A6003ABFC4 /* arrow-right-black.png */ = {isa = PBXFileReference; lastKnownFileType = image.png; path = "arrow-right-black.png"; sourceTree = "<group>"; };
		B54F9D812346F3A6003ABFC4 /* arrow-down-black.png */ = {isa = PBXFileReference; lastKnownFileType = image.png; path = "arrow-down-black.png"; sourceTree = "<group>"; };
		B54F9D822346F3A6003ABFC4 /* arrow-left-black.png */ = {isa = PBXFileReference; lastKnownFileType = image.png; path = "arrow-left-black.png"; sourceTree = "<group>"; };
		B54F9D832346F3A6003ABFC4 /* arrow-left-red.png */ = {isa = PBXFileReference; lastKnownFileType = image.png; path = "arrow-left-red.png"; sourceTree = "<group>"; };
		B54F9D8C234713C7003ABFC4 /* arrow-right-green.png */ = {isa = PBXFileReference; lastKnownFileType = image.png; path = "arrow-right-green.png"; sourceTree = "<group>"; };
		B54F9D8D234713C7003ABFC4 /* arrow-left-green.png */ = {isa = PBXFileReference; lastKnownFileType = image.png; path = "arrow-left-green.png"; sourceTree = "<group>"; };
		B54F9D8E234713C7003ABFC4 /* arrow-up-green.png */ = {isa = PBXFileReference; lastKnownFileType = image.png; path = "arrow-up-green.png"; sourceTree = "<group>"; };
		B54F9D8F234713C7003ABFC4 /* arrow-down-green.png */ = {isa = PBXFileReference; lastKnownFileType = image.png; path = "arrow-down-green.png"; sourceTree = "<group>"; };
/* End PBXFileReference section */

/* Begin PBXFrameworksBuildPhase section */
		B54F9D612346F2D0003ABFC4 /* Frameworks */ = {
			isa = PBXFrameworksBuildPhase;
			buildActionMask = 2147483647;
			files = (
			);
			runOnlyForDeploymentPostprocessing = 0;
		};
/* End PBXFrameworksBuildPhase section */

/* Begin PBXGroup section */
		B54F9D5B2346F2D0003ABFC4 = {
			isa = PBXGroup;
			children = (
				B54F9D662346F2D0003ABFC4 /* SwipeGesture */,
				B54F9D652346F2D0003ABFC4 /* Products */,
			);
			sourceTree = "<group>";
		};
		B54F9D652346F2D0003ABFC4 /* Products */ = {
			isa = PBXGroup;
			children = (
				B54F9D642346F2D0003ABFC4 /* SwipeGesture.app */,
			);
			name = Products;
			sourceTree = "<group>";
		};
		B54F9D662346F2D0003ABFC4 /* SwipeGesture */ = {
			isa = PBXGroup;
			children = (
				B54F9D7B2346F300003ABFC4 /* images */,
				B54F9D672346F2D0003ABFC4 /* AppDelegate.swift */,
				B54F9D692346F2D0003ABFC4 /* SceneDelegate.swift */,
				B54F9D6B2346F2D0003ABFC4 /* ViewController.swift */,
				B54F9D6D2346F2D0003ABFC4 /* Main.storyboard */,
				B54F9D702346F2D2003ABFC4 /* Assets.xcassets */,
				B54F9D722346F2D2003ABFC4 /* LaunchScreen.storyboard */,
				B54F9D752346F2D2003ABFC4 /* Info.plist */,
			);
			path = SwipeGesture;
			sourceTree = "<group>";
		};
		B54F9D7B2346F300003ABFC4 /* images */ = {
			isa = PBXGroup;
			children = (
				B54F9D812346F3A6003ABFC4 /* arrow-down-black.png */,
				B54F9D7E2346F3A6003ABFC4 /* arrow-down-red.png */,
				B54F9D822346F3A6003ABFC4 /* arrow-left-black.png */,
				B54F9D832346F3A6003ABFC4 /* arrow-left-red.png */,
				B54F9D802346F3A6003ABFC4 /* arrow-right-black.png */,
				B54F9D7C2346F3A6003ABFC4 /* arrow-right-red.png */,
				B54F9D7D2346F3A6003ABFC4 /* arrow-up-black.png */,
				B54F9D7F2346F3A6003ABFC4 /* arrow-up-red.png */,
				B54F9D8F234713C7003ABFC4 /* arrow-down-green.png */,
				B54F9D8D234713C7003ABFC4 /* arrow-left-green.png */,
				B54F9D8C234713C7003ABFC4 /* arrow-right-green.png */,
				B54F9D8E234713C7003ABFC4 /* arrow-up-green.png */,
			);
			path = images;
			sourceTree = "<group>";
		};
/* End PBXGroup section */

/* Begin PBXNativeTarget section */
		B54F9D632346F2D0003ABFC4 /* SwipeGesture */ = {
			isa = PBXNativeTarget;
			buildConfigurationList = B54F9D782346F2D2003ABFC4 /* Build configuration list for PBXNativeTarget "SwipeGesture" */;
			buildPhases = (
				B54F9D602346F2D0003ABFC4 /* Sources */,
				B54F9D612346F2D0003ABFC4 /* Frameworks */,
				B54F9D622346F2D0003ABFC4 /* Resources */,
			);
			buildRules = (
			);
			dependencies = (
			);
			name = SwipeGesture;
			productName = SwipeGesture;
			productReference = B54F9D642346F2D0003ABFC4 /* SwipeGesture.app */;
			productType = "com.apple.product-type.application";
		};
/* End PBXNativeTarget section */

/* Begin PBXProject section */
		B54F9D5C2346F2D0003ABFC4 /* Project object */ = {
			isa = PBXProject;
			attributes = {
				LastSwiftUpdateCheck = 1100;
				LastUpgradeCheck = 1100;
				ORGANIZATIONNAME = "Ho-Jeong Song";
				TargetAttributes = {
					B54F9D632346F2D0003ABFC4 = {
						CreatedOnToolsVersion = 11.0;
					};
				};
			};
			buildConfigurationList = B54F9D5F2346F2D0003ABFC4 /* Build configuration list for PBXProject "SwipeGesture" */;
			compatibilityVersion = "Xcode 9.3";
			developmentRegion = en;
			hasScannedForEncodings = 0;
			knownRegions = (
				en,
				Base,
			);
			mainGroup = B54F9D5B2346F2D0003ABFC4;
			productRefGroup = B54F9D652346F2D0003ABFC4 /* Products */;
			projectDirPath = "";
			projectRoot = "";
			targets = (
				B54F9D632346F2D0003ABFC4 /* SwipeGesture */,
			);
		};
/* End PBXProject section */

/* Begin PBXResourcesBuildPhase section */
		B54F9D622346F2D0003ABFC4 /* Resources */ = {
			isa = PBXResourcesBuildPhase;
			buildActionMask = 2147483647;
			files = (
				B54F9D882346F3A6003ABFC4 /* arrow-right-black.png in Resources */,
				B54F9D842346F3A6003ABFC4 /* arrow-right-red.png in Resources */,
				B54F9D8A2346F3A6003ABFC4 /* arrow-left-black.png in Resources */,
				B54F9D91234713C7003ABFC4 /* arrow-left-green.png in Resources */,
				B54F9D862346F3A6003ABFC4 /* arrow-down-red.png in Resources */,
				B54F9D852346F3A6003ABFC4 /* arrow-up-black.png in Resources */,
				B54F9D892346F3A6003ABFC4 /* arrow-down-black.png in Resources */,
				B54F9D8B2346F3A6003ABFC4 /* arrow-left-red.png in Resources */,
				B54F9D92234713C7003ABFC4 /* arrow-up-green.png in Resources */,
				B54F9D742346F2D2003ABFC4 /* LaunchScreen.storyboard in Resources */,
				B54F9D90234713C7003ABFC4 /* arrow-right-green.png in Resources */,
				B54F9D712346F2D2003ABFC4 /* Assets.xcassets in Resources */,
				B54F9D93234713C7003ABFC4 /* arrow-down-green.png in Resources */,
				B54F9D872346F3A6003ABFC4 /* arrow-up-red.png in Resources */,
				B54F9D6F2346F2D0003ABFC4 /* Main.storyboard in Resources */,
			);
			runOnlyForDeploymentPostprocessing = 0;
		};
/* End PBXResourcesBuildPhase section */

/* Begin PBXSourcesBuildPhase section */
		B54F9D602346F2D0003ABFC4 /* Sources */ = {
			isa = PBXSourcesBuildPhase;
			buildActionMask = 2147483647;
			files = (
				B54F9D6C2346F2D0003ABFC4 /* ViewController.swift in Sources */,
				B54F9D682346F2D0003ABFC4 /* AppDelegate.swift in Sources */,
				B54F9D6A2346F2D0003ABFC4 /* SceneDelegate.swift in Sources */,
			);
			runOnlyForDeploymentPostprocessing = 0;
		};
/* End PBXSourcesBuildPhase section */

/* Begin PBXVariantGroup section */
		B54F9D6D2346F2D0003ABFC4 /* Main.storyboard */ = {
			isa = PBXVariantGroup;
			children = (
				B54F9D6E2346F2D0003ABFC4 /* Base */,
			);
			name = Main.storyboard;
			sourceTree = "<group>";
		};
		B54F9D722346F2D2003ABFC4 /* LaunchScreen.storyboard */ = {
			isa = PBXVariantGroup;
			children = (
				B54F9D732346F2D2003ABFC4 /* Base */,
			);
			name = LaunchScreen.storyboard;
			sourceTree = "<group>";
		};
/* End PBXVariantGroup section */

/* Begin XCBuildConfiguration section */
		B54F9D762346F2D2003ABFC4 /* Debug */ = {
			isa = XCBuildConfiguration;
			buildSettings = {
				ALWAYS_SEARCH_USER_PATHS = NO;
				CLANG_ANALYZER_NONNULL = YES;
				CLANG_ANALYZER_NUMBER_OBJECT_CONVERSION = YES_AGGRESSIVE;
				CLANG_CXX_LANGUAGE_STANDARD = "gnu++14";
				CLANG_CXX_LIBRARY = "libc++";
				CLANG_ENABLE_MODULES = YES;
				CLANG_ENABLE_OBJC_ARC = YES;
				CLANG_ENABLE_OBJC_WEAK = YES;
				CLANG_WARN_BLOCK_CAPTURE_AUTORELEASING = YES;
				CLANG_WARN_BOOL_CONVERSION = YES;
				CLANG_WARN_COMMA = YES;
				CLANG_WARN_CONSTANT_CONVERSION = YES;
				CLANG_WARN_DEPRECATED_OBJC_IMPLEMENTATIONS = YES;
				CLANG_WARN_DIRECT_OBJC_ISA_USAGE = YES_ERROR;
				CLANG_WARN_DOCUMENTATION_COMMENTS = YES;
				CLANG_WARN_EMPTY_BODY = YES;
				CLANG_WARN_ENUM_CONVERSION = YES;
				CLANG_WARN_INFINITE_RECURSION = YES;
				CLANG_WARN_INT_CONVERSION = YES;
				CLANG_WARN_NON_LITERAL_NULL_CONVERSION = YES;
				CLANG_WARN_OBJC_IMPLICIT_RETAIN_SELF = YES;
				CLANG_WARN_OBJC_LITERAL_CONVERSION = YES;
				CLANG_WARN_OBJC_ROOT_CLASS = YES_ERROR;
				CLANG_WARN_RANGE_LOOP_ANALYSIS = YES;
				CLANG_WARN_STRICT_PROTOTYPES = YES;
				CLANG_WARN_SUSPICIOUS_MOVE = YES;
				CLANG_WARN_UNGUARDED_AVAILABILITY = YES_AGGRESSIVE;
				CLANG_WARN_UNREACHABLE_CODE = YES;
				CLANG_WARN__DUPLICATE_METHOD_MATCH = YES;
				COPY_PHASE_STRIP = NO;
				DEBUG_INFORMATION_FORMAT = dwarf;
				ENABLE_STRICT_OBJC_MSGSEND = YES;
				ENABLE_TESTABILITY = YES;
				GCC_C_LANGUAGE_STANDARD = gnu11;
				GCC_DYNAMIC_NO_PIC = NO;
				GCC_NO_COMMON_BLOCKS = YES;
				GCC_OPTIMIZATION_LEVEL = 0;
				GCC_PREPROCESSOR_DEFINITIONS = (
					"DEBUG=1",
					"$(inherited)",
				);
				GCC_WARN_64_TO_32_BIT_CONVERSION = YES;
				GCC_WARN_ABOUT_RETURN_TYPE = YES_ERROR;
				GCC_WARN_UNDECLARED_SELECTOR = YES;
				GCC_WARN_UNINITIALIZED_AUTOS = YES_AGGRESSIVE;
				GCC_WARN_UNUSED_FUNCTION = YES;
				GCC_WARN_UNUSED_VARIABLE = YES;
				IPHONEOS_DEPLOYMENT_TARGET = 13.0;
				MTL_ENABLE_DEBUG_INFO = INCLUDE_SOURCE;
				MTL_FAST_MATH = YES;
				ONLY_ACTIVE_ARCH = YES;
				SDKROOT = iphoneos;
				SWIFT_ACTIVE_COMPILATION_CONDITIONS = DEBUG;
				SWIFT_OPTIMIZATION_LEVEL = "-Onone";
			};
			name = Debug;
		};
		B54F9D772346F2D2003ABFC4 /* Release */ = {
			isa = XCBuildConfiguration;
			buildSettings = {
				ALWAYS_SEARCH_USER_PATHS = NO;
				CLANG_ANALYZER_NONNULL = YES;
				CLANG_ANALYZER_NUMBER_OBJECT_CONVERSION = YES_AGGRESSIVE;
				CLANG_CXX_LANGUAGE_STANDARD = "gnu++14";
				CLANG_CXX_LIBRARY = "libc++";
				CLANG_ENABLE_MODULES = YES;
				CLANG_ENABLE_OBJC_ARC = YES;
				CLANG_ENABLE_OBJC_WEAK = YES;
				CLANG_WARN_BLOCK_CAPTURE_AUTORELEASING = YES;
				CLANG_WARN_BOOL_CONVERSION = YES;
				CLANG_WARN_COMMA = YES;
				CLANG_WARN_CONSTANT_CONVERSION = YES;
				CLANG_WARN_DEPRECATED_OBJC_IMPLEMENTATIONS = YES;
				CLANG_WARN_DIRECT_OBJC_ISA_USAGE = YES_ERROR;
				CLANG_WARN_DOCUMENTATION_COMMENTS = YES;
				CLANG_WARN_EMPTY_BODY = YES;
				CLANG_WARN_ENUM_CONVERSION = YES;
				CLANG_WARN_INFINITE_RECURSION = YES;
				CLANG_WARN_INT_CONVERSION = YES;
				CLANG_WARN_NON_LITERAL_NULL_CONVERSION = YES;
				CLANG_WARN_OBJC_IMPLICIT_RETAIN_SELF = YES;
				CLANG_WARN_OBJC_LITERAL_CONVERSION = YES;
				CLANG_WARN_OBJC_ROOT_CLASS = YES_ERROR;
				CLANG_WARN_RANGE_LOOP_ANALYSIS = YES;
				CLANG_WARN_STRICT_PROTOTYPES = YES;
				CLANG_WARN_SUSPICIOUS_MOVE = YES;
				CLANG_WARN_UNGUARDED_AVAILABILITY = YES_AGGRESSIVE;
				CLANG_WARN_UNREACHABLE_CODE = YES;
				CLANG_WARN__DUPLICATE_METHOD_MATCH = YES;
				COPY_PHASE_STRIP = NO;
				DEBUG_INFORMATION_FORMAT = "dwarf-with-dsym";
				ENABLE_NS_ASSERTIONS = NO;
				ENABLE_STRICT_OBJC_MSGSEND = YES;
				GCC_C_LANGUAGE_STANDARD = gnu11;
				GCC_NO_COMMON_BLOCKS = YES;
				GCC_WARN_64_TO_32_BIT_CONVERSION = YES;
				GCC_WARN_ABOUT_RETURN_TYPE = YES_ERROR;
				GCC_WARN_UNDECLARED_SELECTOR = YES;
				GCC_WARN_UNINITIALIZED_AUTOS = YES_AGGRESSIVE;
				GCC_WARN_UNUSED_FUNCTION = YES;
				GCC_WARN_UNUSED_VARIABLE = YES;
				IPHONEOS_DEPLOYMENT_TARGET = 13.0;
				MTL_ENABLE_DEBUG_INFO = NO;
				MTL_FAST_MATH = YES;
				SDKROOT = iphoneos;
				SWIFT_COMPILATION_MODE = wholemodule;
				SWIFT_OPTIMIZATION_LEVEL = "-O";
				VALIDATE_PRODUCT = YES;
			};
			name = Release;
		};
		B54F9D792346F2D2003ABFC4 /* Debug */ = {
			isa = XCBuildConfiguration;
			buildSettings = {
				ASSETCATALOG_COMPILER_APPICON_NAME = AppIcon;
				CODE_SIGN_STYLE = Automatic;
				INFOPLIST_FILE = SwipeGesture/Info.plist;
				LD_RUNPATH_SEARCH_PATHS = (
					"$(inherited)",
					"@executable_path/Frameworks",
				);
				PRODUCT_BUNDLE_IDENTIFIER = net.macnpc.SwipeGesture;
				PRODUCT_NAME = "$(TARGET_NAME)";
				SWIFT_VERSION = 5.0;
				TARGETED_DEVICE_FAMILY = "1,2";
			};
			name = Debug;
		};
		B54F9D7A2346F2D2003ABFC4 /* Release */ = {
			isa = XCBuildConfiguration;
			buildSettings = {
				ASSETCATALOG_COMPILER_APPICON_NAME = AppIcon;
				CODE_SIGN_STYLE = Automatic;
				INFOPLIST_FILE = SwipeGesture/Info.plist;
				LD_RUNPATH_SEARCH_PATHS = (
					"$(inherited)",
					"@executable_path/Frameworks",
				);
				PRODUCT_BUNDLE_IDENTIFIER = net.macnpc.SwipeGesture;
				PRODUCT_NAME = "$(TARGET_NAME)";
				SWIFT_VERSION = 5.0;
				TARGETED_DEVICE_FAMILY = "1,2";
			};
			name = Release;
		};
/* End XCBuildConfiguration section */

/* Begin XCConfigurationList section */
		B54F9D5F2346F2D0003ABFC4 /* Build configuration list for PBXProject "SwipeGesture" */ = {
			isa = XCConfigurationList;
			buildConfigurations = (
				B54F9D762346F2D2003ABFC4 /* Debug */,
				B54F9D772346F2D2003ABFC4 /* Release */,
			);
			defaultConfigurationIsVisible = 0;
			defaultConfigurationName = Release;
		};
		B54F9D782346F2D2003ABFC4 /* Build configuration list for PBXNativeTarget "SwipeGesture" */ = {
			isa = XCConfigurationList;
			buildConfigurations = (
				B54F9D792346F2D2003ABFC4 /* Debug */,
				B54F9D7A2346F2D2003ABFC4 /* Release */,
			);
			defaultConfigurationIsVisible = 0;
			defaultConfigurationName = Release;
		};
/* End XCConfigurationList section */
	};
	rootObject = B54F9D5C2346F2D0003ABFC4 /* Project object */;
}
