// !$*UTF8*$!
{
	archiveVersion = 1;
	classes = {
	};
	objectVersion = 50;
	objects = {

/* Begin PBXBuildFile section */
		B54F3009233764FC00C12054 /* AppDelegate.swift in Sources */ = {isa = PBXBuildFile; fileRef = B54F3008233764FC00C12054 /* AppDelegate.swift */; };
		B54F300B233764FC00C12054 /* SceneDelegate.swift in Sources */ = {isa = PBXBuildFile; fileRef = B54F300A233764FC00C12054 /* SceneDelegate.swift */; };
		B54F300D233764FC00C12054 /* ViewController.swift in Sources */ = {isa = PBXBuildFile; fileRef = B54F300C233764FC00C12054 /* ViewController.swift */; };
		B54F3010233764FC00C12054 /* Main.storyboard in Resources */ = {isa = PBXBuildFile; fileRef = B54F300E233764FC00C12054 /* Main.storyboard */; };
		B54F3012233764FE00C12054 /* Assets.xcassets in Resources */ = {isa = PBXBuildFile; fileRef = B54F3011233764FE00C12054 /* Assets.xcassets */; };
		B54F3015233764FE00C12054 /* LaunchScreen.storyboard in Resources */ = {isa = PBXBuildFile; fileRef = B54F3013233764FE00C12054 /* LaunchScreen.storyboard */; };
		B54F30232337655C00C12054 /* 02.png in Resources */ = {isa = PBXBuildFile; fileRef = B54F301D2337655C00C12054 /* 02.png */; };
		B54F30242337655C00C12054 /* 01.png in Resources */ = {isa = PBXBuildFile; fileRef = B54F301E2337655C00C12054 /* 01.png */; };
		B54F30252337655C00C12054 /* 03.png in Resources */ = {isa = PBXBuildFile; fileRef = B54F301F2337655C00C12054 /* 03.png */; };
		B54F30262337655C00C12054 /* 04.png in Resources */ = {isa = PBXBuildFile; fileRef = B54F30202337655C00C12054 /* 04.png */; };
		B54F30272337655C00C12054 /* 05.png in Resources */ = {isa = PBXBuildFile; fileRef = B54F30212337655C00C12054 /* 05.png */; };
		B54F30282337655C00C12054 /* 06.png in Resources */ = {isa = PBXBuildFile; fileRef = B54F30222337655C00C12054 /* 06.png */; };
/* End PBXBuildFile section */

/* Begin PBXFileReference section */
		B54F3005233764FC00C12054 /* PageControl.app */ = {isa = PBXFileReference; explicitFileType = wrapper.application; includeInIndex = 0; path = PageControl.app; sourceTree = BUILT_PRODUCTS_DIR; };
		B54F3008233764FC00C12054 /* AppDelegate.swift */ = {isa = PBXFileReference; lastKnownFileType = sourcecode.swift; path = AppDelegate.swift; sourceTree = "<group>"; };
		B54F300A233764FC00C12054 /* SceneDelegate.swift */ = {isa = PBXFileReference; lastKnownFileType = sourcecode.swift; path = SceneDelegate.swift; sourceTree = "<group>"; };
		B54F300C233764FC00C12054 /* ViewController.swift */ = {isa = PBXFileReference; lastKnownFileType = sourcecode.swift; path = ViewController.swift; sourceTree = "<group>"; };
		B54F300F233764FC00C12054 /* Base */ = {isa = PBXFileReference; lastKnownFileType = file.storyboard; name = Base; path = Base.lproj/Main.storyboard; sourceTree = "<group>"; };
		B54F3011233764FE00C12054 /* Assets.xcassets */ = {isa = PBXFileReference; lastKnownFileType = folder.assetcatalog; path = Assets.xcassets; sourceTree = "<group>"; };
		B54F3014233764FE00C12054 /* Base */ = {isa = PBXFileReference; lastKnownFileType = file.storyboard; name = Base; path = Base.lproj/LaunchScreen.storyboard; sourceTree = "<group>"; };
		B54F3016233764FE00C12054 /* Info.plist */ = {isa = PBXFileReference; lastKnownFileType = text.plist.xml; path = Info.plist; sourceTree = "<group>"; };
		B54F301D2337655C00C12054 /* 02.png */ = {isa = PBXFileReference; lastKnownFileType = image.png; path = 02.png; sourceTree = "<group>"; };
		B54F301E2337655C00C12054 /* 01.png */ = {isa = PBXFileReference; lastKnownFileType = image.png; path = 01.png; sourceTree = "<group>"; };
		B54F301F2337655C00C12054 /* 03.png */ = {isa = PBXFileReference; lastKnownFileType = image.png; path = 03.png; sourceTree = "<group>"; };
		B54F30202337655C00C12054 /* 04.png */ = {isa = PBXFileReference; lastKnownFileType = image.png; path = 04.png; sourceTree = "<group>"; };
		B54F30212337655C00C12054 /* 05.png */ = {isa = PBXFileReference; lastKnownFileType = image.png; path = 05.png; sourceTree = "<group>"; };
		B54F30222337655C00C12054 /* 06.png */ = {isa = PBXFileReference; lastKnownFileType = image.png; path = 06.png; sourceTree = "<group>"; };
/* End PBXFileReference section */

/* Begin PBXFrameworksBuildPhase section */
		B54F3002233764FC00C12054 /* Frameworks */ = {
			isa = PBXFrameworksBuildPhase;
			buildActionMask = 2147483647;
			files = (
			);
			runOnlyForDeploymentPostprocessing = 0;
		};
/* End PBXFrameworksBuildPhase section */

/* Begin PBXGroup section */
		B54F2FFC233764FC00C12054 = {
			isa = PBXGroup;
			children = (
				B54F3007233764FC00C12054 /* PageControl */,
				B54F3006233764FC00C12054 /* Products */,
			);
			sourceTree = "<group>";
		};
		B54F3006233764FC00C12054 /* Products */ = {
			isa = PBXGroup;
			children = (
				B54F3005233764FC00C12054 /* PageControl.app */,
			);
			name = Products;
			sourceTree = "<group>";
		};
		B54F3007233764FC00C12054 /* PageControl */ = {
			isa = PBXGroup;
			children = (
				B54F301C2337653C00C12054 /* images */,
				B54F3008233764FC00C12054 /* AppDelegate.swift */,
				B54F300A233764FC00C12054 /* SceneDelegate.swift */,
				B54F300C233764FC00C12054 /* ViewController.swift */,
				B54F300E233764FC00C12054 /* Main.storyboard */,
				B54F3011233764FE00C12054 /* Assets.xcassets */,
				B54F3013233764FE00C12054 /* LaunchScreen.storyboard */,
				B54F3016233764FE00C12054 /* Info.plist */,
			);
			path = PageControl;
			sourceTree = "<group>";
		};
		B54F301C2337653C00C12054 /* images */ = {
			isa = PBXGroup;
			children = (
				B54F301E2337655C00C12054 /* 01.png */,
				B54F301D2337655C00C12054 /* 02.png */,
				B54F301F2337655C00C12054 /* 03.png */,
				B54F30202337655C00C12054 /* 04.png */,
				B54F30212337655C00C12054 /* 05.png */,
				B54F30222337655C00C12054 /* 06.png */,
			);
			path = images;
			sourceTree = "<group>";
		};
/* End PBXGroup section */

/* Begin PBXNativeTarget section */
		B54F3004233764FC00C12054 /* PageControl */ = {
			isa = PBXNativeTarget;
			buildConfigurationList = B54F3019233764FE00C12054 /* Build configuration list for PBXNativeTarget "PageControl" */;
			buildPhases = (
				B54F3001233764FC00C12054 /* Sources */,
				B54F3002233764FC00C12054 /* Frameworks */,
				B54F3003233764FC00C12054 /* Resources */,
			);
			buildRules = (
			);
			dependencies = (
			);
			name = PageControl;
			productName = PageControl;
			productReference = B54F3005233764FC00C12054 /* PageControl.app */;
			productType = "com.apple.product-type.application";
		};
/* End PBXNativeTarget section */

/* Begin PBXProject section */
		B54F2FFD233764FC00C12054 /* Project object */ = {
			isa = PBXProject;
			attributes = {
				LastSwiftUpdateCheck = 1100;
				LastUpgradeCheck = 1100;
				ORGANIZATIONNAME = "Ho-Jeong Song";
				TargetAttributes = {
					B54F3004233764FC00C12054 = {
						CreatedOnToolsVersion = 11.0;
					};
				};
			};
			buildConfigurationList = B54F3000233764FC00C12054 /* Build configuration list for PBXProject "PageControl" */;
			compatibilityVersion = "Xcode 9.3";
			developmentRegion = en;
			hasScannedForEncodings = 0;
			knownRegions = (
				en,
				Base,
			);
			mainGroup = B54F2FFC233764FC00C12054;
			productRefGroup = B54F3006233764FC00C12054 /* Products */;
			projectDirPath = "";
			projectRoot = "";
			targets = (
				B54F3004233764FC00C12054 /* PageControl */,
			);
		};
/* End PBXProject section */

/* Begin PBXResourcesBuildPhase section */
		B54F3003233764FC00C12054 /* Resources */ = {
			isa = PBXResourcesBuildPhase;
			buildActionMask = 2147483647;
			files = (
				B54F30242337655C00C12054 /* 01.png in Resources */,
				B54F3015233764FE00C12054 /* LaunchScreen.storyboard in Resources */,
				B54F3012233764FE00C12054 /* Assets.xcassets in Resources */,
				B54F3010233764FC00C12054 /* Main.storyboard in Resources */,
				B54F30282337655C00C12054 /* 06.png in Resources */,
				B54F30262337655C00C12054 /* 04.png in Resources */,
				B54F30252337655C00C12054 /* 03.png in Resources */,
				B54F30272337655C00C12054 /* 05.png in Resources */,
				B54F30232337655C00C12054 /* 02.png in Resources */,
			);
			runOnlyForDeploymentPostprocessing = 0;
		};
/* End PBXResourcesBuildPhase section */

/* Begin PBXSourcesBuildPhase section */
		B54F3001233764FC00C12054 /* Sources */ = {
			isa = PBXSourcesBuildPhase;
			buildActionMask = 2147483647;
			files = (
				B54F300D233764FC00C12054 /* ViewController.swift in Sources */,
				B54F3009233764FC00C12054 /* AppDelegate.swift in Sources */,
				B54F300B233764FC00C12054 /* SceneDelegate.swift in Sources */,
			);
			runOnlyForDeploymentPostprocessing = 0;
		};
/* End PBXSourcesBuildPhase section */

/* Begin PBXVariantGroup section */
		B54F300E233764FC00C12054 /* Main.storyboard */ = {
			isa = PBXVariantGroup;
			children = (
				B54F300F233764FC00C12054 /* Base */,
			);
			name = Main.storyboard;
			sourceTree = "<group>";
		};
		B54F3013233764FE00C12054 /* LaunchScreen.storyboard */ = {
			isa = PBXVariantGroup;
			children = (
				B54F3014233764FE00C12054 /* Base */,
			);
			name = LaunchScreen.storyboard;
			sourceTree = "<group>";
		};
/* End PBXVariantGroup section */

/* Begin XCBuildConfiguration section */
		B54F3017233764FE00C12054 /* Debug */ = {
			isa = XCBuildConfiguration;
			buildSettings = {
				ALWAYS_SEARCH_USER_PATHS = NO;
				CLANG_ANALYZER_NONNULL = YES;
				CLANG_ANALYZER_NUMBER_OBJECT_CONVERSION = YES_AGGRESSIVE;
				CLANG_CXX_LANGUAGE_STANDARD = "gnu++14";
				CLANG_CXX_LIBRARY = "libc++";
				CLANG_ENABLE_MODULES = YES;
				CLANG_ENABLE_OBJC_ARC = YES;
				CLANG_ENABLE_OBJC_WEAK = YES;
				CLANG_WARN_BLOCK_CAPTURE_AUTORELEASING = YES;
				CLANG_WARN_BOOL_CONVERSION = YES;
				CLANG_WARN_COMMA = YES;
				CLANG_WARN_CONSTANT_CONVERSION = YES;
				CLANG_WARN_DEPRECATED_OBJC_IMPLEMENTATIONS = YES;
				CLANG_WARN_DIRECT_OBJC_ISA_USAGE = YES_ERROR;
				CLANG_WARN_DOCUMENTATION_COMMENTS = YES;
				CLANG_WARN_EMPTY_BODY = YES;
				CLANG_WARN_ENUM_CONVERSION = YES;
				CLANG_WARN_INFINITE_RECURSION = YES;
				CLANG_WARN_INT_CONVERSION = YES;
				CLANG_WARN_NON_LITERAL_NULL_CONVERSION = YES;
				CLANG_WARN_OBJC_IMPLICIT_RETAIN_SELF = YES;
				CLANG_WARN_OBJC_LITERAL_CONVERSION = YES;
				CLANG_WARN_OBJC_ROOT_CLASS = YES_ERROR;
				CLANG_WARN_RANGE_LOOP_ANALYSIS = YES;
				CLANG_WARN_STRICT_PROTOTYPES = YES;
				CLANG_WARN_SUSPICIOUS_MOVE = YES;
				CLANG_WARN_UNGUARDED_AVAILABILITY = YES_AGGRESSIVE;
				CLANG_WARN_UNREACHABLE_CODE = YES;
				CLANG_WARN__DUPLICATE_METHOD_MATCH = YES;
				COPY_PHASE_STRIP = NO;
				DEBUG_INFORMATION_FORMAT = dwarf;
				ENABLE_STRICT_OBJC_MSGSEND = YES;
				ENABLE_TESTABILITY = YES;
				GCC_C_LANGUAGE_STANDARD = gnu11;
				GCC_DYNAMIC_NO_PIC = NO;
				GCC_NO_COMMON_BLOCKS = YES;
				GCC_OPTIMIZATION_LEVEL = 0;
				GCC_PREPROCESSOR_DEFINITIONS = (
					"DEBUG=1",
					"$(inherited)",
				);
				GCC_WARN_64_TO_32_BIT_CONVERSION = YES;
				GCC_WARN_ABOUT_RETURN_TYPE = YES_ERROR;
				GCC_WARN_UNDECLARED_SELECTOR = YES;
				GCC_WARN_UNINITIALIZED_AUTOS = YES_AGGRESSIVE;
				GCC_WARN_UNUSED_FUNCTION = YES;
				GCC_WARN_UNUSED_VARIABLE = YES;
				IPHONEOS_DEPLOYMENT_TARGET = 13.0;
				MTL_ENABLE_DEBUG_INFO = INCLUDE_SOURCE;
				MTL_FAST_MATH = YES;
				ONLY_ACTIVE_ARCH = YES;
				SDKROOT = iphoneos;
				SWIFT_ACTIVE_COMPILATION_CONDITIONS = DEBUG;
				SWIFT_OPTIMIZATION_LEVEL = "-Onone";
			};
			name = Debug;
		};
		B54F3018233764FE00C12054 /* Release */ = {
			isa = XCBuildConfiguration;
			buildSettings = {
				ALWAYS_SEARCH_USER_PATHS = NO;
				CLANG_ANALYZER_NONNULL = YES;
				CLANG_ANALYZER_NUMBER_OBJECT_CONVERSION = YES_AGGRESSIVE;
				CLANG_CXX_LANGUAGE_STANDARD = "gnu++14";
				CLANG_CXX_LIBRARY = "libc++";
				CLANG_ENABLE_MODULES = YES;
				CLANG_ENABLE_OBJC_ARC = YES;
				CLANG_ENABLE_OBJC_WEAK = YES;
				CLANG_WARN_BLOCK_CAPTURE_AUTORELEASING = YES;
				CLANG_WARN_BOOL_CONVERSION = YES;
				CLANG_WARN_COMMA = YES;
				CLANG_WARN_CONSTANT_CONVERSION = YES;
				CLANG_WARN_DEPRECATED_OBJC_IMPLEMENTATIONS = YES;
				CLANG_WARN_DIRECT_OBJC_ISA_USAGE = YES_ERROR;
				CLANG_WARN_DOCUMENTATION_COMMENTS = YES;
				CLANG_WARN_EMPTY_BODY = YES;
				CLANG_WARN_ENUM_CONVERSION = YES;
				CLANG_WARN_INFINITE_RECURSION = YES;
				CLANG_WARN_INT_CONVERSION = YES;
				CLANG_WARN_NON_LITERAL_NULL_CONVERSION = YES;
				CLANG_WARN_OBJC_IMPLICIT_RETAIN_SELF = YES;
				CLANG_WARN_OBJC_LITERAL_CONVERSION = YES;
				CLANG_WARN_OBJC_ROOT_CLASS = YES_ERROR;
				CLANG_WARN_RANGE_LOOP_ANALYSIS = YES;
				CLANG_WARN_STRICT_PROTOTYPES = YES;
				CLANG_WARN_SUSPICIOUS_MOVE = YES;
				CLANG_WARN_UNGUARDED_AVAILABILITY = YES_AGGRESSIVE;
				CLANG_WARN_UNREACHABLE_CODE = YES;
				CLANG_WARN__DUPLICATE_METHOD_MATCH = YES;
				COPY_PHASE_STRIP = NO;
				DEBUG_INFORMATION_FORMAT = "dwarf-with-dsym";
				ENABLE_NS_ASSERTIONS = NO;
				ENABLE_STRICT_OBJC_MSGSEND = YES;
				GCC_C_LANGUAGE_STANDARD = gnu11;
				GCC_NO_COMMON_BLOCKS = YES;
				GCC_WARN_64_TO_32_BIT_CONVERSION = YES;
				GCC_WARN_ABOUT_RETURN_TYPE = YES_ERROR;
				GCC_WARN_UNDECLARED_SELECTOR = YES;
				GCC_WARN_UNINITIALIZED_AUTOS = YES_AGGRESSIVE;
				GCC_WARN_UNUSED_FUNCTION = YES;
				GCC_WARN_UNUSED_VARIABLE = YES;
				IPHONEOS_DEPLOYMENT_TARGET = 13.0;
				MTL_ENABLE_DEBUG_INFO = NO;
				MTL_FAST_MATH = YES;
				SDKROOT = iphoneos;
				SWIFT_COMPILATION_MODE = wholemodule;
				SWIFT_OPTIMIZATION_LEVEL = "-O";
				VALIDATE_PRODUCT = YES;
			};
			name = Release;
		};
		B54F301A233764FE00C12054 /* Debug */ = {
			isa = XCBuildConfiguration;
			buildSettings = {
				ASSETCATALOG_COMPILER_APPICON_NAME = AppIcon;
				CODE_SIGN_STYLE = Automatic;
				INFOPLIST_FILE = PageControl/Info.plist;
				LD_RUNPATH_SEARCH_PATHS = (
					"$(inherited)",
					"@executable_path/Frameworks",
				);
				PRODUCT_BUNDLE_IDENTIFIER = net.macnpc.PageControl;
				PRODUCT_NAME = "$(TARGET_NAME)";
				SWIFT_VERSION = 5.0;
				TARGETED_DEVICE_FAMILY = "1,2";
			};
			name = Debug;
		};
		B54F301B233764FE00C12054 /* Release */ = {
			isa = XCBuildConfiguration;
			buildSettings = {
				ASSETCATALOG_COMPILER_APPICON_NAME = AppIcon;
				CODE_SIGN_STYLE = Automatic;
				INFOPLIST_FILE = PageControl/Info.plist;
				LD_RUNPATH_SEARCH_PATHS = (
					"$(inherited)",
					"@executable_path/Frameworks",
				);
				PRODUCT_BUNDLE_IDENTIFIER = net.macnpc.PageControl;
				PRODUCT_NAME = "$(TARGET_NAME)";
				SWIFT_VERSION = 5.0;
				TARGETED_DEVICE_FAMILY = "1,2";
			};
			name = Release;
		};
/* End XCBuildConfiguration section */

/* Begin XCConfigurationList section */
		B54F3000233764FC00C12054 /* Build configuration list for PBXProject "PageControl" */ = {
			isa = XCConfigurationList;
			buildConfigurations = (
				B54F3017233764FE00C12054 /* Debug */,
				B54F3018233764FE00C12054 /* Release */,
			);
			defaultConfigurationIsVisible = 0;
			defaultConfigurationName = Release;
		};
		B54F3019233764FE00C12054 /* Build configuration list for PBXNativeTarget "PageControl" */ = {
			isa = XCConfigurationList;
			buildConfigurations = (
				B54F301A233764FE00C12054 /* Debug */,
				B54F301B233764FE00C12054 /* Release */,
			);
			defaultConfigurationIsVisible = 0;
			defaultConfigurationName = Release;
		};
/* End XCConfigurationList section */
	};
	rootObject = B54F2FFD233764FC00C12054 /* Project object */;
}
