// !$*UTF8*$!
{
	archiveVersion = 1;
	classes = {
	};
	objectVersion = 50;
	objects = {

/* Begin PBXBuildFile section */
		B578D24323404BFF004E55DD /* Mountaineering.mov in Resources */ = {isa = PBXBuildFile; fileRef = B578D24023404BFF004E55DD /* Mountaineering.mov */; };
		B578D24423404BFF004E55DD /* Seascape.jpg in Resources */ = {isa = PBXBuildFile; fileRef = B578D24123404BFF004E55DD /* Seascape.jpg */; };
		B578D24523404BFF004E55DD /* Mountaineering.jpg in Resources */ = {isa = PBXBuildFile; fileRef = B578D24223404BFF004E55DD /* Mountaineering.jpg */; };
		B5A4E3B3233DE91800D62454 /* AppDelegate.swift in Sources */ = {isa = PBXBuildFile; fileRef = B5A4E3B2233DE91800D62454 /* AppDelegate.swift */; };
		B5A4E3B5233DE91800D62454 /* SceneDelegate.swift in Sources */ = {isa = PBXBuildFile; fileRef = B5A4E3B4233DE91800D62454 /* SceneDelegate.swift */; };
		B5A4E3B7233DE91800D62454 /* ViewController.swift in Sources */ = {isa = PBXBuildFile; fileRef = B5A4E3B6233DE91800D62454 /* ViewController.swift */; };
		B5A4E3BA233DE91800D62454 /* Main.storyboard in Resources */ = {isa = PBXBuildFile; fileRef = B5A4E3B8233DE91800D62454 /* Main.storyboard */; };
		B5A4E3BC233DE91800D62454 /* Assets.xcassets in Resources */ = {isa = PBXBuildFile; fileRef = B5A4E3BB233DE91800D62454 /* Assets.xcassets */; };
		B5A4E3BF233DE91800D62454 /* LaunchScreen.storyboard in Resources */ = {isa = PBXBuildFile; fileRef = B5A4E3BD233DE91800D62454 /* LaunchScreen.storyboard */; };
		B5A4E3C9233DE95B00D62454 /* FastTyping.jpg in Resources */ = {isa = PBXBuildFile; fileRef = B5A4E3C6233DE95B00D62454 /* FastTyping.jpg */; };
		B5A4E3CA233DE95B00D62454 /* Fireworks.jpg in Resources */ = {isa = PBXBuildFile; fileRef = B5A4E3C7233DE95B00D62454 /* Fireworks.jpg */; };
		B5A4E3CB233DE95B00D62454 /* FastTyping.mp4 in Resources */ = {isa = PBXBuildFile; fileRef = B5A4E3C8233DE95B00D62454 /* FastTyping.mp4 */; };
/* End PBXBuildFile section */

/* Begin PBXFileReference section */
		B578D24023404BFF004E55DD /* Mountaineering.mov */ = {isa = PBXFileReference; lastKnownFileType = video.quicktime; path = Mountaineering.mov; sourceTree = "<group>"; };
		B578D24123404BFF004E55DD /* Seascape.jpg */ = {isa = PBXFileReference; lastKnownFileType = image.jpeg; path = Seascape.jpg; sourceTree = "<group>"; };
		B578D24223404BFF004E55DD /* Mountaineering.jpg */ = {isa = PBXFileReference; lastKnownFileType = image.jpeg; path = Mountaineering.jpg; sourceTree = "<group>"; };
		B5A4E3AF233DE91800D62454 /* MoviePlayer.app */ = {isa = PBXFileReference; explicitFileType = wrapper.application; includeInIndex = 0; path = MoviePlayer.app; sourceTree = BUILT_PRODUCTS_DIR; };
		B5A4E3B2233DE91800D62454 /* AppDelegate.swift */ = {isa = PBXFileReference; lastKnownFileType = sourcecode.swift; path = AppDelegate.swift; sourceTree = "<group>"; };
		B5A4E3B4233DE91800D62454 /* SceneDelegate.swift */ = {isa = PBXFileReference; lastKnownFileType = sourcecode.swift; path = SceneDelegate.swift; sourceTree = "<group>"; };
		B5A4E3B6233DE91800D62454 /* ViewController.swift */ = {isa = PBXFileReference; lastKnownFileType = sourcecode.swift; path = ViewController.swift; sourceTree = "<group>"; };
		B5A4E3B9233DE91800D62454 /* Base */ = {isa = PBXFileReference; lastKnownFileType = file.storyboard; name = Base; path = Base.lproj/Main.storyboard; sourceTree = "<group>"; };
		B5A4E3BB233DE91800D62454 /* Assets.xcassets */ = {isa = PBXFileReference; lastKnownFileType = folder.assetcatalog; path = Assets.xcassets; sourceTree = "<group>"; };
		B5A4E3BE233DE91800D62454 /* Base */ = {isa = PBXFileReference; lastKnownFileType = file.storyboard; name = Base; path = Base.lproj/LaunchScreen.storyboard; sourceTree = "<group>"; };
		B5A4E3C0233DE91800D62454 /* Info.plist */ = {isa = PBXFileReference; lastKnownFileType = text.plist.xml; path = Info.plist; sourceTree = "<group>"; };
		B5A4E3C6233DE95B00D62454 /* FastTyping.jpg */ = {isa = PBXFileReference; lastKnownFileType = image.jpeg; path = FastTyping.jpg; sourceTree = "<group>"; };
		B5A4E3C7233DE95B00D62454 /* Fireworks.jpg */ = {isa = PBXFileReference; lastKnownFileType = image.jpeg; path = Fireworks.jpg; sourceTree = "<group>"; };
		B5A4E3C8233DE95B00D62454 /* FastTyping.mp4 */ = {isa = PBXFileReference; lastKnownFileType = file; path = FastTyping.mp4; sourceTree = "<group>"; };
/* End PBXFileReference section */

/* Begin PBXFrameworksBuildPhase section */
		B5A4E3AC233DE91800D62454 /* Frameworks */ = {
			isa = PBXFrameworksBuildPhase;
			buildActionMask = 2147483647;
			files = (
			);
			runOnlyForDeploymentPostprocessing = 0;
		};
/* End PBXFrameworksBuildPhase section */

/* Begin PBXGroup section */
		B5A4E3A6233DE91800D62454 = {
			isa = PBXGroup;
			children = (
				B5A4E3B1233DE91800D62454 /* MoviePlayer */,
				B5A4E3B0233DE91800D62454 /* Products */,
			);
			sourceTree = "<group>";
		};
		B5A4E3B0233DE91800D62454 /* Products */ = {
			isa = PBXGroup;
			children = (
				B5A4E3AF233DE91800D62454 /* MoviePlayer.app */,
			);
			name = Products;
			sourceTree = "<group>";
		};
		B5A4E3B1233DE91800D62454 /* MoviePlayer */ = {
			isa = PBXGroup;
			children = (
				B5A4E3CC233DE96000D62454 /* Resources */,
				B5A4E3B2233DE91800D62454 /* AppDelegate.swift */,
				B5A4E3B4233DE91800D62454 /* SceneDelegate.swift */,
				B5A4E3B6233DE91800D62454 /* ViewController.swift */,
				B5A4E3B8233DE91800D62454 /* Main.storyboard */,
				B5A4E3BB233DE91800D62454 /* Assets.xcassets */,
				B5A4E3BD233DE91800D62454 /* LaunchScreen.storyboard */,
				B5A4E3C0233DE91800D62454 /* Info.plist */,
			);
			path = MoviePlayer;
			sourceTree = "<group>";
		};
		B5A4E3CC233DE96000D62454 /* Resources */ = {
			isa = PBXGroup;
			children = (
				B5A4E3C6233DE95B00D62454 /* FastTyping.jpg */,
				B5A4E3C8233DE95B00D62454 /* FastTyping.mp4 */,
				B5A4E3C7233DE95B00D62454 /* Fireworks.jpg */,
				B578D24223404BFF004E55DD /* Mountaineering.jpg */,
				B578D24023404BFF004E55DD /* Mountaineering.mov */,
				B578D24123404BFF004E55DD /* Seascape.jpg */,
			);
			path = Resources;
			sourceTree = "<group>";
		};
/* End PBXGroup section */

/* Begin PBXNativeTarget section */
		B5A4E3AE233DE91800D62454 /* MoviePlayer */ = {
			isa = PBXNativeTarget;
			buildConfigurationList = B5A4E3C3233DE91800D62454 /* Build configuration list for PBXNativeTarget "MoviePlayer" */;
			buildPhases = (
				B5A4E3AB233DE91800D62454 /* Sources */,
				B5A4E3AC233DE91800D62454 /* Frameworks */,
				B5A4E3AD233DE91800D62454 /* Resources */,
			);
			buildRules = (
			);
			dependencies = (
			);
			name = MoviePlayer;
			productName = MoviePlayer;
			productReference = B5A4E3AF233DE91800D62454 /* MoviePlayer.app */;
			productType = "com.apple.product-type.application";
		};
/* End PBXNativeTarget section */

/* Begin PBXProject section */
		B5A4E3A7233DE91800D62454 /* Project object */ = {
			isa = PBXProject;
			attributes = {
				LastSwiftUpdateCheck = 1100;
				LastUpgradeCheck = 1100;
				ORGANIZATIONNAME = "Ho-Jeong Song";
				TargetAttributes = {
					B5A4E3AE233DE91800D62454 = {
						CreatedOnToolsVersion = 11.0;
					};
				};
			};
			buildConfigurationList = B5A4E3AA233DE91800D62454 /* Build configuration list for PBXProject "MoviePlayer" */;
			compatibilityVersion = "Xcode 9.3";
			developmentRegion = en;
			hasScannedForEncodings = 0;
			knownRegions = (
				en,
				Base,
			);
			mainGroup = B5A4E3A6233DE91800D62454;
			productRefGroup = B5A4E3B0233DE91800D62454 /* Products */;
			projectDirPath = "";
			projectRoot = "";
			targets = (
				B5A4E3AE233DE91800D62454 /* MoviePlayer */,
			);
		};
/* End PBXProject section */

/* Begin PBXResourcesBuildPhase section */
		B5A4E3AD233DE91800D62454 /* Resources */ = {
			isa = PBXResourcesBuildPhase;
			buildActionMask = 2147483647;
			files = (
				B578D24423404BFF004E55DD /* Seascape.jpg in Resources */,
				B5A4E3CA233DE95B00D62454 /* Fireworks.jpg in Resources */,
				B5A4E3BF233DE91800D62454 /* LaunchScreen.storyboard in Resources */,
				B5A4E3CB233DE95B00D62454 /* FastTyping.mp4 in Resources */,
				B578D24523404BFF004E55DD /* Mountaineering.jpg in Resources */,
				B5A4E3BC233DE91800D62454 /* Assets.xcassets in Resources */,
				B5A4E3C9233DE95B00D62454 /* FastTyping.jpg in Resources */,
				B578D24323404BFF004E55DD /* Mountaineering.mov in Resources */,
				B5A4E3BA233DE91800D62454 /* Main.storyboard in Resources */,
			);
			runOnlyForDeploymentPostprocessing = 0;
		};
/* End PBXResourcesBuildPhase section */

/* Begin PBXSourcesBuildPhase section */
		B5A4E3AB233DE91800D62454 /* Sources */ = {
			isa = PBXSourcesBuildPhase;
			buildActionMask = 2147483647;
			files = (
				B5A4E3B7233DE91800D62454 /* ViewController.swift in Sources */,
				B5A4E3B3233DE91800D62454 /* AppDelegate.swift in Sources */,
				B5A4E3B5233DE91800D62454 /* SceneDelegate.swift in Sources */,
			);
			runOnlyForDeploymentPostprocessing = 0;
		};
/* End PBXSourcesBuildPhase section */

/* Begin PBXVariantGroup section */
		B5A4E3B8233DE91800D62454 /* Main.storyboard */ = {
			isa = PBXVariantGroup;
			children = (
				B5A4E3B9233DE91800D62454 /* Base */,
			);
			name = Main.storyboard;
			sourceTree = "<group>";
		};
		B5A4E3BD233DE91800D62454 /* LaunchScreen.storyboard */ = {
			isa = PBXVariantGroup;
			children = (
				B5A4E3BE233DE91800D62454 /* Base */,
			);
			name = LaunchScreen.storyboard;
			sourceTree = "<group>";
		};
/* End PBXVariantGroup section */

/* Begin XCBuildConfiguration section */
		B5A4E3C1233DE91800D62454 /* Debug */ = {
			isa = XCBuildConfiguration;
			buildSettings = {
				ALWAYS_SEARCH_USER_PATHS = NO;
				CLANG_ANALYZER_NONNULL = YES;
				CLANG_ANALYZER_NUMBER_OBJECT_CONVERSION = YES_AGGRESSIVE;
				CLANG_CXX_LANGUAGE_STANDARD = "gnu++14";
				CLANG_CXX_LIBRARY = "libc++";
				CLANG_ENABLE_MODULES = YES;
				CLANG_ENABLE_OBJC_ARC = YES;
				CLANG_ENABLE_OBJC_WEAK = YES;
				CLANG_WARN_BLOCK_CAPTURE_AUTORELEASING = YES;
				CLANG_WARN_BOOL_CONVERSION = YES;
				CLANG_WARN_COMMA = YES;
				CLANG_WARN_CONSTANT_CONVERSION = YES;
				CLANG_WARN_DEPRECATED_OBJC_IMPLEMENTATIONS = YES;
				CLANG_WARN_DIRECT_OBJC_ISA_USAGE = YES_ERROR;
				CLANG_WARN_DOCUMENTATION_COMMENTS = YES;
				CLANG_WARN_EMPTY_BODY = YES;
				CLANG_WARN_ENUM_CONVERSION = YES;
				CLANG_WARN_INFINITE_RECURSION = YES;
				CLANG_WARN_INT_CONVERSION = YES;
				CLANG_WARN_NON_LITERAL_NULL_CONVERSION = YES;
				CLANG_WARN_OBJC_IMPLICIT_RETAIN_SELF = YES;
				CLANG_WARN_OBJC_LITERAL_CONVERSION = YES;
				CLANG_WARN_OBJC_ROOT_CLASS = YES_ERROR;
				CLANG_WARN_RANGE_LOOP_ANALYSIS = YES;
				CLANG_WARN_STRICT_PROTOTYPES = YES;
				CLANG_WARN_SUSPICIOUS_MOVE = YES;
				CLANG_WARN_UNGUARDED_AVAILABILITY = YES_AGGRESSIVE;
				CLANG_WARN_UNREACHABLE_CODE = YES;
				CLANG_WARN__DUPLICATE_METHOD_MATCH = YES;
				COPY_PHASE_STRIP = NO;
				DEBUG_INFORMATION_FORMAT = dwarf;
				ENABLE_STRICT_OBJC_MSGSEND = YES;
				ENABLE_TESTABILITY = YES;
				GCC_C_LANGUAGE_STANDARD = gnu11;
				GCC_DYNAMIC_NO_PIC = NO;
				GCC_NO_COMMON_BLOCKS = YES;
				GCC_OPTIMIZATION_LEVEL = 0;
				GCC_PREPROCESSOR_DEFINITIONS = (
					"DEBUG=1",
					"$(inherited)",
				);
				GCC_WARN_64_TO_32_BIT_CONVERSION = YES;
				GCC_WARN_ABOUT_RETURN_TYPE = YES_ERROR;
				GCC_WARN_UNDECLARED_SELECTOR = YES;
				GCC_WARN_UNINITIALIZED_AUTOS = YES_AGGRESSIVE;
				GCC_WARN_UNUSED_FUNCTION = YES;
				GCC_WARN_UNUSED_VARIABLE = YES;
				IPHONEOS_DEPLOYMENT_TARGET = 13.0;
				MTL_ENABLE_DEBUG_INFO = INCLUDE_SOURCE;
				MTL_FAST_MATH = YES;
				ONLY_ACTIVE_ARCH = YES;
				SDKROOT = iphoneos;
				SWIFT_ACTIVE_COMPILATION_CONDITIONS = DEBUG;
				SWIFT_OPTIMIZATION_LEVEL = "-Onone";
			};
			name = Debug;
		};
		B5A4E3C2233DE91800D62454 /* Release */ = {
			isa = XCBuildConfiguration;
			buildSettings = {
				ALWAYS_SEARCH_USER_PATHS = NO;
				CLANG_ANALYZER_NONNULL = YES;
				CLANG_ANALYZER_NUMBER_OBJECT_CONVERSION = YES_AGGRESSIVE;
				CLANG_CXX_LANGUAGE_STANDARD = "gnu++14";
				CLANG_CXX_LIBRARY = "libc++";
				CLANG_ENABLE_MODULES = YES;
				CLANG_ENABLE_OBJC_ARC = YES;
				CLANG_ENABLE_OBJC_WEAK = YES;
				CLANG_WARN_BLOCK_CAPTURE_AUTORELEASING = YES;
				CLANG_WARN_BOOL_CONVERSION = YES;
				CLANG_WARN_COMMA = YES;
				CLANG_WARN_CONSTANT_CONVERSION = YES;
				CLANG_WARN_DEPRECATED_OBJC_IMPLEMENTATIONS = YES;
				CLANG_WARN_DIRECT_OBJC_ISA_USAGE = YES_ERROR;
				CLANG_WARN_DOCUMENTATION_COMMENTS = YES;
				CLANG_WARN_EMPTY_BODY = YES;
				CLANG_WARN_ENUM_CONVERSION = YES;
				CLANG_WARN_INFINITE_RECURSION = YES;
				CLANG_WARN_INT_CONVERSION = YES;
				CLANG_WARN_NON_LITERAL_NULL_CONVERSION = YES;
				CLANG_WARN_OBJC_IMPLICIT_RETAIN_SELF = YES;
				CLANG_WARN_OBJC_LITERAL_CONVERSION = YES;
				CLANG_WARN_OBJC_ROOT_CLASS = YES_ERROR;
				CLANG_WARN_RANGE_LOOP_ANALYSIS = YES;
				CLANG_WARN_STRICT_PROTOTYPES = YES;
				CLANG_WARN_SUSPICIOUS_MOVE = YES;
				CLANG_WARN_UNGUARDED_AVAILABILITY = YES_AGGRESSIVE;
				CLANG_WARN_UNREACHABLE_CODE = YES;
				CLANG_WARN__DUPLICATE_METHOD_MATCH = YES;
				COPY_PHASE_STRIP = NO;
				DEBUG_INFORMATION_FORMAT = "dwarf-with-dsym";
				ENABLE_NS_ASSERTIONS = NO;
				ENABLE_STRICT_OBJC_MSGSEND = YES;
				GCC_C_LANGUAGE_STANDARD = gnu11;
				GCC_NO_COMMON_BLOCKS = YES;
				GCC_WARN_64_TO_32_BIT_CONVERSION = YES;
				GCC_WARN_ABOUT_RETURN_TYPE = YES_ERROR;
				GCC_WARN_UNDECLARED_SELECTOR = YES;
				GCC_WARN_UNINITIALIZED_AUTOS = YES_AGGRESSIVE;
				GCC_WARN_UNUSED_FUNCTION = YES;
				GCC_WARN_UNUSED_VARIABLE = YES;
				IPHONEOS_DEPLOYMENT_TARGET = 13.0;
				MTL_ENABLE_DEBUG_INFO = NO;
				MTL_FAST_MATH = YES;
				SDKROOT = iphoneos;
				SWIFT_COMPILATION_MODE = wholemodule;
				SWIFT_OPTIMIZATION_LEVEL = "-O";
				VALIDATE_PRODUCT = YES;
			};
			name = Release;
		};
		B5A4E3C4233DE91800D62454 /* Debug */ = {
			isa = XCBuildConfiguration;
			buildSettings = {
				ASSETCATALOG_COMPILER_APPICON_NAME = AppIcon;
				CODE_SIGN_STYLE = Automatic;
				INFOPLIST_FILE = MoviePlayer/Info.plist;
				LD_RUNPATH_SEARCH_PATHS = (
					"$(inherited)",
					"@executable_path/Frameworks",
				);
				PRODUCT_BUNDLE_IDENTIFIER = net.macnpc.MoviePlayer;
				PRODUCT_NAME = "$(TARGET_NAME)";
				SWIFT_VERSION = 5.0;
				TARGETED_DEVICE_FAMILY = "1,2";
			};
			name = Debug;
		};
		B5A4E3C5233DE91800D62454 /* Release */ = {
			isa = XCBuildConfiguration;
			buildSettings = {
				ASSETCATALOG_COMPILER_APPICON_NAME = AppIcon;
				CODE_SIGN_STYLE = Automatic;
				INFOPLIST_FILE = MoviePlayer/Info.plist;
				LD_RUNPATH_SEARCH_PATHS = (
					"$(inherited)",
					"@executable_path/Frameworks",
				);
				PRODUCT_BUNDLE_IDENTIFIER = net.macnpc.MoviePlayer;
				PRODUCT_NAME = "$(TARGET_NAME)";
				SWIFT_VERSION = 5.0;
				TARGETED_DEVICE_FAMILY = "1,2";
			};
			name = Release;
		};
/* End XCBuildConfiguration section */

/* Begin XCConfigurationList section */
		B5A4E3AA233DE91800D62454 /* Build configuration list for PBXProject "MoviePlayer" */ = {
			isa = XCConfigurationList;
			buildConfigurations = (
				B5A4E3C1233DE91800D62454 /* Debug */,
				B5A4E3C2233DE91800D62454 /* Release */,
			);
			defaultConfigurationIsVisible = 0;
			defaultConfigurationName = Release;
		};
		B5A4E3C3233DE91800D62454 /* Build configuration list for PBXNativeTarget "MoviePlayer" */ = {
			isa = XCConfigurationList;
			buildConfigurations = (
				B5A4E3C4233DE91800D62454 /* Debug */,
				B5A4E3C5233DE91800D62454 /* Release */,
			);
			defaultConfigurationIsVisible = 0;
			defaultConfigurationName = Release;
		};
/* End XCConfigurationList section */
	};
	rootObject = B5A4E3A7233DE91800D62454 /* Project object */;
}
